
Microsoft Visual Studio Solution File, Format Version 12.00
# Visual Studio Version 17
VisualStudioVersion = 17.3.32811.315
MinimumVisualStudioVersion = 10.0.40219.1
Project("{9A19103F-16F7-4668-BE54-9A1E7A4F7556}") = "UserRegistrationEx", "UserRegistrationEx.csproj", "{CA19787A-CBDD-4E5E-9F78-79F4ACFE2D14}"
EndProject
Project("{FAE04EC0-301F-11D3-BF4B-00C04F79EFBC}") = "TestProject3", "..\TestProject3\TestProject3.csproj", "{BA809A49-2B41-43A9-8CD5-E88B4296B264}"
EndProject
Global
	GlobalSection(SolutionConfigurationPlatforms) = preSolution
		Debug|Any CPU = Debug|Any CPU
		Release|Any CPU = Release|Any CPU
	EndGlobalSection
	GlobalSection(ProjectConfigurationPlatforms) = postSolution
		{CA19787A-CBDD-4E5E-9F78-79F4ACFE2D14}.Debug|Any CPU.ActiveCfg = Debug|Any CPU
		{CA19787A-CBDD-4E5E-9F78-79F4ACFE2D14}.Debug|Any CPU.Build.0 = Debug|Any CPU
		{CA19787A-CBDD-4E5E-9F78-79F4ACFE2D14}.Release|Any CPU.ActiveCfg = Release|Any CPU
		{CA19787A-CBDD-4E5E-9F78-79F4ACFE2D14}.Release|Any CPU.Build.0 = Release|Any CPU
		{BA809A49-2B41-43A9-8CD5-E88B4296B264}.Debug|Any CPU.ActiveCfg = Debug|Any CPU
		{BA809A49-2B41-43A9-8CD5-E88B4296B264}.Debug|Any CPU.Build.0 = Debug|Any CPU
		{BA809A49-2B41-43A9-8CD5-E88B4296B264}.Release|Any CPU.ActiveCfg = Release|Any CPU
		{BA809A49-2B41-43A9-8CD5-E88B4296B264}.Release|Any CPU.Build.0 = Release|Any CPU
	EndGlobalSection
	GlobalSection(SolutionProperties) = preSolution
		HideSolutionNode = FALSE
	EndGlobalSection
	GlobalSection(ExtensibilityGlobals) = postSolution
		SolutionGuid = {F3B0CD96-AE95-4D99-A17E-724F5D6B0D66}
	EndGlobalSection
EndGlobal
